<?xml version="1.0" encoding="utf-8"?>
<Project ToolsVersion="4.0" xmlns="http://schemas.microsoft.com/developer/msbuild/2003">
  <ItemGroup>
    <Filter Include="__GENERAL__">
      <UniqueIdentifier>{3fec9720-7f37-4d53-999c-518768da5397}</UniqueIdentifier>
    </Filter>
    <Filter Include="__RESOURCE__">
      <UniqueIdentifier>{5a1af636-c5ea-49cb-b83a-a52b7bc9b04c}</UniqueIdentifier>
    </Filter>
    <Filter Include="__RESOURCE__\file">
      <UniqueIdentifier>{187132cc-21ce-4908-9a95-4c6a61593fd4}</UniqueIdentifier>
    </Filter>
    <Filter Include="__GENERAL__\Linker">
      <UniqueIdentifier>{c6217dcf-3e8b-4f8c-a53c-bcb6d39960ab}</UniqueIdentifier>
    </Filter>
    <Filter Include="UTILITY">
      <UniqueIdentifier>{59161f84-05b7-4461-9784-02bf9bcc377c}</UniqueIdentifier>
    </Filter>
    <Filter Include="UTILITY\Factory">
      <UniqueIdentifier>{b6e06680-3303-43fd-ae3a-a9088dc609f4}</UniqueIdentifier>
    </Filter>
    <Filter Include="UTILITY\Observer">
      <UniqueIdentifier>{8e9fa143-6989-4040-a73e-4ec15a3b6e1e}</UniqueIdentifier>
    </Filter>
    <Filter Include="UTILITY\Listener">
      <UniqueIdentifier>{7ed55aee-4624-4386-b254-9629dc45f015}</UniqueIdentifier>
    </Filter>
    <Filter Include="INCLUDE">
      <UniqueIdentifier>{d1234725-8e25-4f32-a1a6-ae5a73524699}</UniqueIdentifier>
    </Filter>
    <Filter Include="NOTIFY">
      <UniqueIdentifier>{007e0903-b04f-4109-a1ac-bc8835419edf}</UniqueIdentifier>
    </Filter>
    <Filter Include="UTILITY\String Converter">
      <UniqueIdentifier>{e77ba7d0-15b6-4f40-82e3-756809b4a916}</UniqueIdentifier>
    </Filter>
    <Filter Include="UTILITY\Image Loader">
      <UniqueIdentifier>{cc3cf74a-05e9-46ff-a4dd-6d9dbb661136}</UniqueIdentifier>
    </Filter>
    <Filter Include="UTILITY\File Control">
      <UniqueIdentifier>{9d28d257-3f68-49a8-bb17-a6fcc90144e5}</UniqueIdentifier>
    </Filter>
  </ItemGroup>
  <ItemGroup>
    <ClCompile Include="WBFSubject.cpp">
      <Filter>UTILITY\Observer</Filter>
    </ClCompile>
    <ClCompile Include="WBFObserver.cpp">
      <Filter>UTILITY\Observer</Filter>
    </ClCompile>
    <ClCompile Include="DocListener.cpp">
      <Filter>UTILITY\Listener</Filter>
    </ClCompile>
    <ClCompile Include="stdafx.cpp">
      <Filter>__GENERAL__</Filter>
    </ClCompile>
    <ClCompile Include="WBF_LIB.cpp">
      <Filter>__GENERAL__</Filter>
    </ClCompile>
    <ClCompile Include="FactoryBase.cpp">
      <Filter>UTILITY\Factory</Filter>
    </ClCompile>
    <ClCompile Include="FactoryObjectBase.cpp">
      <Filter>UTILITY\Factory</Filter>
    </ClCompile>
    <ClCompile Include="ImageLoader.cpp">
      <Filter>UTILITY\Image Loader</Filter>
    </ClCompile>
    <ClCompile Include="StringConverter.cpp">
      <Filter>UTILITY\String Converter</Filter>
    </ClCompile>
    <ClCompile Include="FileCtrl.cpp">
      <Filter>UTILITY\File Control</Filter>
    </ClCompile>
  </ItemGroup>
  <ItemGroup>
    <None Include="res\WBF_LIB.rc2">
      <Filter>__RESOURCE__</Filter>
    </None>
    <None Include="WBF_LIB.def">
      <Filter>__GENERAL__</Filter>
    </None>
  </ItemGroup>
  <ItemGroup>
    <ClInclude Include="HeaderPre.h">
      <Filter>__GENERAL__\Linker</Filter>
    </ClInclude>
    <ClInclude Include="HeaderPost.h">
      <Filter>__GENERAL__\Linker</Filter>
    </ClInclude>
    <ClInclude Include="WBF_LIB_LINK.h">
      <Filter>__GENERAL__\Linker</Filter>
    </ClInclude>
    <ClInclude Include="WBFSubject.h">
      <Filter>UTILITY\Observer</Filter>
    </ClInclude>
    <ClInclude Include="WBFObserver.h">
      <Filter>UTILITY\Observer</Filter>
    </ClInclude>
    <ClInclude Include="WBFObserverDefine.h">
      <Filter>UTILITY\Observer</Filter>
    </ClInclude>
    <ClInclude Include="DocListener.h">
      <Filter>UTILITY\Listener</Filter>
    </ClInclude>
    <ClInclude Include="ListenerDefine.h">
      <Filter>UTILITY\Listener</Filter>
    </ClInclude>
    <ClInclude Include="Resource.h">
      <Filter>__RESOURCE__</Filter>
    </ClInclude>
    <ClInclude Include="stdafx.h">
      <Filter>__GENERAL__</Filter>
    </ClInclude>
    <ClInclude Include="targetver.h">
      <Filter>__GENERAL__</Filter>
    </ClInclude>
    <ClInclude Include="WBF_LIB.h">
      <Filter>__GENERAL__</Filter>
    </ClInclude>
    <ClInclude Include="FactoryObjectBase.h">
      <Filter>UTILITY\Factory</Filter>
    </ClInclude>
    <ClInclude Include="FactoryBase.h">
      <Filter>UTILITY\Factory</Filter>
    </ClInclude>
    <ClInclude Include="stb_image.h">
      <Filter>UTILITY\Image Loader</Filter>
    </ClInclude>
    <ClInclude Include="AllProjectInclude.h">
      <Filter>INCLUDE</Filter>
    </ClInclude>
    <ClInclude Include="AllGraphicInclude.h">
      <Filter>INCLUDE</Filter>
    </ClInclude>
    <ClInclude Include="NotifyDefine.h">
      <Filter>NOTIFY</Filter>
    </ClInclude>
    <ClInclude Include="ImageLoader.h">
      <Filter>UTILITY\Image Loader</Filter>
    </ClInclude>
    <ClInclude Include="StringConverter.h">
      <Filter>UTILITY\String Converter</Filter>
    </ClInclude>
    <ClInclude Include="FileCtrl.h">
      <Filter>UTILITY\File Control</Filter>
    </ClInclude>
  </ItemGroup>
  <ItemGroup>
    <ResourceCompile Include="WBF_LIB.rc">
      <Filter>__RESOURCE__</Filter>
    </ResourceCompile>
  </ItemGroup>
</Project>