
Microsoft Visual Studio Solution File, Format Version 12.00
# Visual Studio 15
VisualStudioVersion = 15.0.28307.779
MinimumVisualStudioVersion = 10.0.40219.1
Project("{8BC9CEB8-8B4A-11D0-8D11-00A0C91BC942}") = "WBF", "WBF\WBF.vcxproj", "{2D970C8C-6BE9-4906-A0E6-C4160F13CCD7}"
	ProjectSection(ProjectDependencies) = postProject
		{2699BC31-39BE-4202-A9CA-E9A40E3573B0} = {2699BC31-39BE-4202-A9CA-E9A40E3573B0}
		{C9BED572-7A47-408B-B63B-B535C2375A18} = {C9BED572-7A47-408B-B63B-B535C2375A18}
		{F7ACF980-72B9-4083-A32D-2477D439992F} = {F7ACF980-72B9-4083-A32D-2477D439992F}
		{E42631EF-9342-4CE5-9EEA-857930FCFE99} = {E42631EF-9342-4CE5-9EEA-857930FCFE99}
	EndProjectSection
EndProject
Project("{8BC9CEB8-8B4A-11D0-8D11-00A0C91BC942}") = "WBF_GPS", "WBF_GPS\WBF_GPS.vcxproj", "{C9BED572-7A47-408B-B63B-B535C2375A18}"
	ProjectSection(ProjectDependencies) = postProject
		{2699BC31-39BE-4202-A9CA-E9A40E3573B0} = {2699BC31-39BE-4202-A9CA-E9A40E3573B0}
		{F7ACF980-72B9-4083-A32D-2477D439992F} = {F7ACF980-72B9-4083-A32D-2477D439992F}
		{E42631EF-9342-4CE5-9EEA-857930FCFE99} = {E42631EF-9342-4CE5-9EEA-857930FCFE99}
	EndProjectSection
EndProject
Project("{2150E333-8FDC-42A3-9474-1A3956D46DE8}") = "00. Window Base Framework", "00. Window Base Framework", "{F9D169D3-F418-4E80-94CC-28351ABF6E6B}"
EndProject
Project("{2150E333-8FDC-42A3-9474-1A3956D46DE8}") = "01. Window Application Framework", "01. Window Application Framework", "{146AD49C-A869-4A5A-9C1A-A080B69D214D}"
EndProject
Project("{8BC9CEB8-8B4A-11D0-8D11-00A0C91BC942}") = "WBF_LIB", "WBF_LIB\WBF_LIB.vcxproj", "{2699BC31-39BE-4202-A9CA-E9A40E3573B0}"
EndProject
Project("{8BC9CEB8-8B4A-11D0-8D11-00A0C91BC942}") = "WBF_BASE", "WBF_BASE\WBF_BASE.vcxproj", "{E42631EF-9342-4CE5-9EEA-857930FCFE99}"
	ProjectSection(ProjectDependencies) = postProject
		{2699BC31-39BE-4202-A9CA-E9A40E3573B0} = {2699BC31-39BE-4202-A9CA-E9A40E3573B0}
		{F7ACF980-72B9-4083-A32D-2477D439992F} = {F7ACF980-72B9-4083-A32D-2477D439992F}
	EndProjectSection
EndProject
Project("{8BC9CEB8-8B4A-11D0-8D11-00A0C91BC942}") = "WBF_GLCORE", "WBF_GLCORE\WBF_GLCORE.vcxproj", "{F7ACF980-72B9-4083-A32D-2477D439992F}"
	ProjectSection(ProjectDependencies) = postProject
		{2699BC31-39BE-4202-A9CA-E9A40E3573B0} = {2699BC31-39BE-4202-A9CA-E9A40E3573B0}
	EndProjectSection
EndProject
Global
	GlobalSection(SolutionConfigurationPlatforms) = preSolution
		Debug|x64 = Debug|x64
		Debug|x86 = Debug|x86
		Release|x64 = Release|x64
		Release|x86 = Release|x86
	EndGlobalSection
	GlobalSection(ProjectConfigurationPlatforms) = postSolution
		{2D970C8C-6BE9-4906-A0E6-C4160F13CCD7}.Debug|x64.ActiveCfg = Debug|x64
		{2D970C8C-6BE9-4906-A0E6-C4160F13CCD7}.Debug|x64.Build.0 = Debug|x64
		{2D970C8C-6BE9-4906-A0E6-C4160F13CCD7}.Debug|x86.ActiveCfg = Debug|Win32
		{2D970C8C-6BE9-4906-A0E6-C4160F13CCD7}.Debug|x86.Build.0 = Debug|Win32
		{2D970C8C-6BE9-4906-A0E6-C4160F13CCD7}.Release|x64.ActiveCfg = Release|x64
		{2D970C8C-6BE9-4906-A0E6-C4160F13CCD7}.Release|x64.Build.0 = Release|x64
		{2D970C8C-6BE9-4906-A0E6-C4160F13CCD7}.Release|x86.ActiveCfg = Release|Win32
		{2D970C8C-6BE9-4906-A0E6-C4160F13CCD7}.Release|x86.Build.0 = Release|Win32
		{C9BED572-7A47-408B-B63B-B535C2375A18}.Debug|x64.ActiveCfg = Debug|x64
		{C9BED572-7A47-408B-B63B-B535C2375A18}.Debug|x64.Build.0 = Debug|x64
		{C9BED572-7A47-408B-B63B-B535C2375A18}.Debug|x86.ActiveCfg = Debug|Win32
		{C9BED572-7A47-408B-B63B-B535C2375A18}.Debug|x86.Build.0 = Debug|Win32
		{C9BED572-7A47-408B-B63B-B535C2375A18}.Release|x64.ActiveCfg = Release|x64
		{C9BED572-7A47-408B-B63B-B535C2375A18}.Release|x64.Build.0 = Release|x64
		{C9BED572-7A47-408B-B63B-B535C2375A18}.Release|x86.ActiveCfg = Release|Win32
		{C9BED572-7A47-408B-B63B-B535C2375A18}.Release|x86.Build.0 = Release|Win32
		{2699BC31-39BE-4202-A9CA-E9A40E3573B0}.Debug|x64.ActiveCfg = Debug|x64
		{2699BC31-39BE-4202-A9CA-E9A40E3573B0}.Debug|x64.Build.0 = Debug|x64
		{2699BC31-39BE-4202-A9CA-E9A40E3573B0}.Debug|x86.ActiveCfg = Debug|Win32
		{2699BC31-39BE-4202-A9CA-E9A40E3573B0}.Debug|x86.Build.0 = Debug|Win32
		{2699BC31-39BE-4202-A9CA-E9A40E3573B0}.Release|x64.ActiveCfg = Release|x64
		{2699BC31-39BE-4202-A9CA-E9A40E3573B0}.Release|x64.Build.0 = Release|x64
		{2699BC31-39BE-4202-A9CA-E9A40E3573B0}.Release|x86.ActiveCfg = Release|Win32
		{2699BC31-39BE-4202-A9CA-E9A40E3573B0}.Release|x86.Build.0 = Release|Win32
		{E42631EF-9342-4CE5-9EEA-857930FCFE99}.Debug|x64.ActiveCfg = Debug|x64
		{E42631EF-9342-4CE5-9EEA-857930FCFE99}.Debug|x64.Build.0 = Debug|x64
		{E42631EF-9342-4CE5-9EEA-857930FCFE99}.Debug|x86.ActiveCfg = Debug|Win32
		{E42631EF-9342-4CE5-9EEA-857930FCFE99}.Debug|x86.Build.0 = Debug|Win32
		{E42631EF-9342-4CE5-9EEA-857930FCFE99}.Release|x64.ActiveCfg = Release|x64
		{E42631EF-9342-4CE5-9EEA-857930FCFE99}.Release|x64.Build.0 = Release|x64
		{E42631EF-9342-4CE5-9EEA-857930FCFE99}.Release|x86.ActiveCfg = Release|Win32
		{E42631EF-9342-4CE5-9EEA-857930FCFE99}.Release|x86.Build.0 = Release|Win32
		{F7ACF980-72B9-4083-A32D-2477D439992F}.Debug|x64.ActiveCfg = Debug|x64
		{F7ACF980-72B9-4083-A32D-2477D439992F}.Debug|x64.Build.0 = Debug|x64
		{F7ACF980-72B9-4083-A32D-2477D439992F}.Debug|x86.ActiveCfg = Debug|Win32
		{F7ACF980-72B9-4083-A32D-2477D439992F}.Debug|x86.Build.0 = Debug|Win32
		{F7ACF980-72B9-4083-A32D-2477D439992F}.Release|x64.ActiveCfg = Release|x64
		{F7ACF980-72B9-4083-A32D-2477D439992F}.Release|x64.Build.0 = Release|x64
		{F7ACF980-72B9-4083-A32D-2477D439992F}.Release|x86.ActiveCfg = Release|Win32
		{F7ACF980-72B9-4083-A32D-2477D439992F}.Release|x86.Build.0 = Release|Win32
	EndGlobalSection
	GlobalSection(SolutionProperties) = preSolution
		HideSolutionNode = FALSE
	EndGlobalSection
	GlobalSection(NestedProjects) = preSolution
		{C9BED572-7A47-408B-B63B-B535C2375A18} = {F9D169D3-F418-4E80-94CC-28351ABF6E6B}
		{2699BC31-39BE-4202-A9CA-E9A40E3573B0} = {F9D169D3-F418-4E80-94CC-28351ABF6E6B}
		{E42631EF-9342-4CE5-9EEA-857930FCFE99} = {F9D169D3-F418-4E80-94CC-28351ABF6E6B}
		{F7ACF980-72B9-4083-A32D-2477D439992F} = {F9D169D3-F418-4E80-94CC-28351ABF6E6B}
	EndGlobalSection
	GlobalSection(ExtensibilityGlobals) = postSolution
		SolutionGuid = {99027232-9418-45A7-9070-1231879F1E55}
	EndGlobalSection
EndGlobal
